<?xml version="1.0" encoding="utf-8"?>
<Project ToolsVersion="4.0" xmlns="http://schemas.microsoft.com/developer/msbuild/2003">
  <ItemGroup>
    <Filter Include="Source Files">
      <UniqueIdentifier>{4FC737F1-C7A5-4376-A066-2A32D752A2FF}</UniqueIdentifier>
      <Extensions>cpp;c;cc;cxx;def;odl;idl;hpj;bat;asm;asmx</Extensions>
    </Filter>
    <Filter Include="Header Files">
      <UniqueIdentifier>{93995380-89BD-4b04-88EB-625FBE52EBFB}</UniqueIdentifier>
      <Extensions>h;hpp;hxx;hm;inl;inc;xsd</Extensions>
    </Filter>
    <Filter Include="Resource Files">
      <UniqueIdentifier>{67DA6AB6-F800-4c08-8B7A-83BB121AAD01}</UniqueIdentifier>
      <Extensions>rc;ico;cur;bmp;dlg;rc2;rct;bin;rgs;gif;jpg;jpeg;jpe;resx;tiff;tif;png;wav;mfcribbon-ms</Extensions>
    </Filter>
    <Filter Include="API">
      <UniqueIdentifier>{2f61e3a3-23f4-450e-ac71-fbdca6b5512a}</UniqueIdentifier>
    </Filter>
    <Filter Include="Utils">
      <UniqueIdentifier>{f469e847-5dd8-4bd1-837e-53a959c40699}</UniqueIdentifier>
    </Filter>
    <Filter Include="Common">
      <UniqueIdentifier>{e9e03026-418c-484d-99a4-fa068726f62e}</UniqueIdentifier>
    </Filter>
  </ItemGroup>
  <ItemGroup>
    <None Include="ReadMe.txt" />
    <None Include="small.ico">
      <Filter>Resource Files</Filter>
    </None>
    <None Include="NetDiskClient.ico">
      <Filter>Resource Files</Filter>
    </None>
  </ItemGroup>
  <ItemGroup>
    <ClInclude Include="stdafx.h">
      <Filter>Header Files</Filter>
    </ClInclude>
    <ClInclude Include="targetver.h">
      <Filter>Header Files</Filter>
    </ClInclude>
    <ClInclude Include="Resource.h">
      <Filter>Header Files</Filter>
    </ClInclude>
    <ClInclude Include="WebBrowser.h">
      <Filter>Utils</Filter>
    </ClInclude>
    <ClInclude Include="OauthClient.h">
      <Filter>API</Filter>
    </ClInclude>
    <ClInclude Include="NetDiskClient.h">
      <Filter>Header Files</Filter>
    </ClInclude>
    <ClInclude Include="HttpClient.h">
      <Filter>Utils</Filter>
    </ClInclude>
    <ClInclude Include="NetdiskChangeWatcher.h">
      <Filter>Header Files</Filter>
    </ClInclude>
    <ClInclude Include="Log.h">
      <Filter>Common</Filter>
    </ClInclude>
    <ClInclude Include="MD5Core.h">
      <Filter>Common</Filter>
    </ClInclude>
    <ClInclude Include="MD5Calc.h">
      <Filter>Common</Filter>
    </ClInclude>
    <ClInclude Include="ShellHelpers.h">
      <Filter>Common</Filter>
    </ClInclude>
    <ClInclude Include="ChangeNotifyWatcher.h">
      <Filter>Common</Filter>
    </ClInclude>
  </ItemGroup>
  <ItemGroup>
    <ClCompile Include="stdafx.cpp">
      <Filter>Source Files</Filter>
    </ClCompile>
    <ClCompile Include="NetDiskClient.cpp">
      <Filter>Source Files</Filter>
    </ClCompile>
    <ClCompile Include="WebBrowser.cpp">
      <Filter>Utils</Filter>
    </ClCompile>
    <ClCompile Include="OauthClient.cpp">
      <Filter>API</Filter>
    </ClCompile>
    <ClCompile Include="HttpClient.cpp">
      <Filter>Utils</Filter>
    </ClCompile>
    <ClCompile Include="MD5Core.cpp">
      <Filter>Source Files</Filter>
    </ClCompile>
    <ClCompile Include="MD5Calc.cpp">
      <Filter>Source Files</Filter>
    </ClCompile>
    <ClCompile Include="NetdiskChangeWatcher.cpp">
      <Filter>Source Files</Filter>
    </ClCompile>
    <ClCompile Include="Log.cpp">
      <Filter>Common</Filter>
    </ClCompile>
  </ItemGroup>
  <ItemGroup>
    <ResourceCompile Include="NetDiskClient.rc">
      <Filter>Resource Files</Filter>
    </ResourceCompile>
  </ItemGroup>
</Project>